
Microsoft Visual Studio Solution File, Format Version 12.00
# Visual Studio 15
VisualStudioVersion = 15.0.28307.489
MinimumVisualStudioVersion = 10.0.40219.1
Project("{FAE04EC0-301F-11D3-BF4B-00C04F79EFBC}") = "JustInTimeCompany_MuzikantovRoman", "JustInTimeCompany_MuzikantovRoman\JustInTimeCompany_MuzikantovRoman.csproj", "{5B2E2A80-A791-4571-8EEE-DC979A777FDF}"
EndProject
Global
	GlobalSection(SolutionConfigurationPlatforms) = preSolution
		Debug|Any CPU = Debug|Any CPU
		Release|Any CPU = Release|Any CPU
	EndGlobalSection
	GlobalSection(ProjectConfigurationPlatforms) = postSolution
		{5B2E2A80-A791-4571-8EEE-DC979A777FDF}.Debug|Any CPU.ActiveCfg = Debug|Any CPU
		{5B2E2A80-A791-4571-8EEE-DC979A777FDF}.Debug|Any CPU.Build.0 = Debug|Any CPU
		{5B2E2A80-A791-4571-8EEE-DC979A777FDF}.Release|Any CPU.ActiveCfg = Release|Any CPU
		{5B2E2A80-A791-4571-8EEE-DC979A777FDF}.Release|Any CPU.Build.0 = Release|Any CPU
	EndGlobalSection
	GlobalSection(SolutionProperties) = preSolution
		HideSolutionNode = FALSE
	EndGlobalSection
	GlobalSection(ExtensibilityGlobals) = postSolution
		SolutionGuid = {FD09DC16-0521-4FC4-A409-65A65845F697}
	EndGlobalSection
EndGlobal
